{
  "requires": true,
  "lockfileVersion": 1,
  "dependencies": {
    "commander": {
      "version": "2.20.3",
      "resolved": "https://registry.npmjs.org/commander/-/commander-2.20.3.tgz",
      "integrity": "sha512-GpVkmM8vF2vQUkj2LvZmD35JxeJOLCwJ9cUkugyk2nuhbv3+mJvpLYYt+0+USMxE+oj+ey/lJEnhZw75x/OMcQ=="
    },
    "npm-cli-adduser": {
      "version": "1.1.4",
      "resolved": "https://registry.npmjs.org/npm-cli-adduser/-/npm-cli-adduser-1.1.4.tgz",
      "integrity": "sha512-0G/EqlhX62+D7ljtWz3kuuvYNIRizO5fqDC1PSR4bvgANtcE92lULfHLFnuuEJl6JJMss/M19yck+iWdN2TPBw==",
      "requires": {
        "commander": "^2.19.0"
      }
    }
  }
}
